
Microsoft Visual Studio Solution File, Format Version 12.00
# Visual Studio Version 17
VisualStudioVersion = 17.14.36203.30
MinimumVisualStudioVersion = 10.0.40219.1
Project("{FAE04EC0-301F-11D3-BF4B-00C04F79EFBC}") = "FiWi.Users.Service", "FiWi.Users.Service\FiWi.Users.Service.csproj", "{F7E1E1B0-EF54-4C54-BDAB-3430A7E074DD}"
EndProject
Project("{FAE04EC0-301F-11D3-BF4B-00C04F79EFBC}") = "Application", "Application\Application.csproj", "{1D2CA4D0-C631-45E9-B9EB-F12C7B5C61C6}"
EndProject
Project("{FAE04EC0-301F-11D3-BF4B-00C04F79EFBC}") = "Infrastructure", "Infrastructure\Infrastructure.csproj", "{3A236DB7-14A2-4D61-BA1B-3887B62748BF}"
EndProject
Project("{FAE04EC0-301F-11D3-BF4B-00C04F79EFBC}") = "Domain", "Domain\Domain.csproj", "{2822EF90-526E-4AE5-B7D3-DFEBA2AFBFDB}"
EndProject
Project("{2150E333-8FDC-42A3-9474-1A3956D46DE8}") = "Presentation", "Presentation", "{02EA681E-C7D8-13C7-8484-4AC65E1B71E8}"
EndProject
Project("{FAE04EC0-301F-11D3-BF4B-00C04F79EFBC}") = "SharedLibrary", "SharedLibrary\SharedLibrary.csproj", "{960E1DD3-81DB-466E-813A-AFC64CD13FB4}"
EndProject
Project("{2150E333-8FDC-42A3-9474-1A3956D46DE8}") = "Tests", "Tests", "{0AB3BF05-4346-4AA6-1389-037BE0695223}"
EndProject
Project("{FAE04EC0-301F-11D3-BF4B-00C04F79EFBC}") = "FiWi.Users.Service.Tests", "Tests\FiWi.Users.Service.Tests\FiWi.Users.Service.Tests.csproj", "{7599E243-1F7D-4E2F-910E-20BC4A4AD33C}"
EndProject
Global
	GlobalSection(SolutionConfigurationPlatforms) = preSolution
		Debug|Any CPU = Debug|Any CPU
		Debug|x64 = Debug|x64
		Debug|x86 = Debug|x86
		Release|Any CPU = Release|Any CPU
		Release|x64 = Release|x64
		Release|x86 = Release|x86
	EndGlobalSection
	GlobalSection(ProjectConfigurationPlatforms) = postSolution
		{F7E1E1B0-EF54-4C54-BDAB-3430A7E074DD}.Debug|Any CPU.ActiveCfg = Debug|Any CPU
		{F7E1E1B0-EF54-4C54-BDAB-3430A7E074DD}.Debug|Any CPU.Build.0 = Debug|Any CPU
		{F7E1E1B0-EF54-4C54-BDAB-3430A7E074DD}.Debug|x64.ActiveCfg = Debug|Any CPU
		{F7E1E1B0-EF54-4C54-BDAB-3430A7E074DD}.Debug|x64.Build.0 = Debug|Any CPU
		{F7E1E1B0-EF54-4C54-BDAB-3430A7E074DD}.Debug|x86.ActiveCfg = Debug|Any CPU
		{F7E1E1B0-EF54-4C54-BDAB-3430A7E074DD}.Debug|x86.Build.0 = Debug|Any CPU
		{F7E1E1B0-EF54-4C54-BDAB-3430A7E074DD}.Release|Any CPU.ActiveCfg = Release|Any CPU
		{F7E1E1B0-EF54-4C54-BDAB-3430A7E074DD}.Release|Any CPU.Build.0 = Release|Any CPU
		{F7E1E1B0-EF54-4C54-BDAB-3430A7E074DD}.Release|x64.ActiveCfg = Release|Any CPU
		{F7E1E1B0-EF54-4C54-BDAB-3430A7E074DD}.Release|x64.Build.0 = Release|Any CPU
		{F7E1E1B0-EF54-4C54-BDAB-3430A7E074DD}.Release|x86.ActiveCfg = Release|Any CPU
		{F7E1E1B0-EF54-4C54-BDAB-3430A7E074DD}.Release|x86.Build.0 = Release|Any CPU
		{1D2CA4D0-C631-45E9-B9EB-F12C7B5C61C6}.Debug|Any CPU.ActiveCfg = Debug|Any CPU
		{1D2CA4D0-C631-45E9-B9EB-F12C7B5C61C6}.Debug|Any CPU.Build.0 = Debug|Any CPU
		{1D2CA4D0-C631-45E9-B9EB-F12C7B5C61C6}.Debug|x64.ActiveCfg = Debug|Any CPU
		{1D2CA4D0-C631-45E9-B9EB-F12C7B5C61C6}.Debug|x64.Build.0 = Debug|Any CPU
		{1D2CA4D0-C631-45E9-B9EB-F12C7B5C61C6}.Debug|x86.ActiveCfg = Debug|Any CPU
		{1D2CA4D0-C631-45E9-B9EB-F12C7B5C61C6}.Debug|x86.Build.0 = Debug|Any CPU
		{1D2CA4D0-C631-45E9-B9EB-F12C7B5C61C6}.Release|Any CPU.ActiveCfg = Release|Any CPU
		{1D2CA4D0-C631-45E9-B9EB-F12C7B5C61C6}.Release|Any CPU.Build.0 = Release|Any CPU
		{1D2CA4D0-C631-45E9-B9EB-F12C7B5C61C6}.Release|x64.ActiveCfg = Release|Any CPU
		{1D2CA4D0-C631-45E9-B9EB-F12C7B5C61C6}.Release|x64.Build.0 = Release|Any CPU
		{1D2CA4D0-C631-45E9-B9EB-F12C7B5C61C6}.Release|x86.ActiveCfg = Release|Any CPU
		{1D2CA4D0-C631-45E9-B9EB-F12C7B5C61C6}.Release|x86.Build.0 = Release|Any CPU
		{3A236DB7-14A2-4D61-BA1B-3887B62748BF}.Debug|Any CPU.ActiveCfg = Debug|Any CPU
		{3A236DB7-14A2-4D61-BA1B-3887B62748BF}.Debug|Any CPU.Build.0 = Debug|Any CPU
		{3A236DB7-14A2-4D61-BA1B-3887B62748BF}.Debug|x64.ActiveCfg = Debug|Any CPU
		{3A236DB7-14A2-4D61-BA1B-3887B62748BF}.Debug|x64.Build.0 = Debug|Any CPU
		{3A236DB7-14A2-4D61-BA1B-3887B62748BF}.Debug|x86.ActiveCfg = Debug|Any CPU
		{3A236DB7-14A2-4D61-BA1B-3887B62748BF}.Debug|x86.Build.0 = Debug|Any CPU
		{3A236DB7-14A2-4D61-BA1B-3887B62748BF}.Release|Any CPU.ActiveCfg = Release|Any CPU
		{3A236DB7-14A2-4D61-BA1B-3887B62748BF}.Release|Any CPU.Build.0 = Release|Any CPU
		{3A236DB7-14A2-4D61-BA1B-3887B62748BF}.Release|x64.ActiveCfg = Release|Any CPU
		{3A236DB7-14A2-4D61-BA1B-3887B62748BF}.Release|x64.Build.0 = Release|Any CPU
		{3A236DB7-14A2-4D61-BA1B-3887B62748BF}.Release|x86.ActiveCfg = Release|Any CPU
		{3A236DB7-14A2-4D61-BA1B-3887B62748BF}.Release|x86.Build.0 = Release|Any CPU
		{2822EF90-526E-4AE5-B7D3-DFEBA2AFBFDB}.Debug|Any CPU.ActiveCfg = Debug|Any CPU
		{2822EF90-526E-4AE5-B7D3-DFEBA2AFBFDB}.Debug|Any CPU.Build.0 = Debug|Any CPU
		{2822EF90-526E-4AE5-B7D3-DFEBA2AFBFDB}.Debug|x64.ActiveCfg = Debug|Any CPU
		{2822EF90-526E-4AE5-B7D3-DFEBA2AFBFDB}.Debug|x64.Build.0 = Debug|Any CPU
		{2822EF90-526E-4AE5-B7D3-DFEBA2AFBFDB}.Debug|x86.ActiveCfg = Debug|Any CPU
		{2822EF90-526E-4AE5-B7D3-DFEBA2AFBFDB}.Debug|x86.Build.0 = Debug|Any CPU
		{2822EF90-526E-4AE5-B7D3-DFEBA2AFBFDB}.Release|Any CPU.ActiveCfg = Release|Any CPU
		{2822EF90-526E-4AE5-B7D3-DFEBA2AFBFDB}.Release|Any CPU.Build.0 = Release|Any CPU
		{2822EF90-526E-4AE5-B7D3-DFEBA2AFBFDB}.Release|x64.ActiveCfg = Release|Any CPU
		{2822EF90-526E-4AE5-B7D3-DFEBA2AFBFDB}.Release|x64.Build.0 = Release|Any CPU
		{2822EF90-526E-4AE5-B7D3-DFEBA2AFBFDB}.Release|x86.ActiveCfg = Release|Any CPU
		{2822EF90-526E-4AE5-B7D3-DFEBA2AFBFDB}.Release|x86.Build.0 = Release|Any CPU
		{960E1DD3-81DB-466E-813A-AFC64CD13FB4}.Debug|Any CPU.ActiveCfg = Debug|Any CPU
		{960E1DD3-81DB-466E-813A-AFC64CD13FB4}.Debug|Any CPU.Build.0 = Debug|Any CPU
		{960E1DD3-81DB-466E-813A-AFC64CD13FB4}.Debug|x64.ActiveCfg = Debug|Any CPU
		{960E1DD3-81DB-466E-813A-AFC64CD13FB4}.Debug|x64.Build.0 = Debug|Any CPU
		{960E1DD3-81DB-466E-813A-AFC64CD13FB4}.Debug|x86.ActiveCfg = Debug|Any CPU
		{960E1DD3-81DB-466E-813A-AFC64CD13FB4}.Debug|x86.Build.0 = Debug|Any CPU
		{960E1DD3-81DB-466E-813A-AFC64CD13FB4}.Release|Any CPU.ActiveCfg = Release|Any CPU
		{960E1DD3-81DB-466E-813A-AFC64CD13FB4}.Release|Any CPU.Build.0 = Release|Any CPU
		{960E1DD3-81DB-466E-813A-AFC64CD13FB4}.Release|x64.ActiveCfg = Release|Any CPU
		{960E1DD3-81DB-466E-813A-AFC64CD13FB4}.Release|x64.Build.0 = Release|Any CPU
		{960E1DD3-81DB-466E-813A-AFC64CD13FB4}.Release|x86.ActiveCfg = Release|Any CPU
		{960E1DD3-81DB-466E-813A-AFC64CD13FB4}.Release|x86.Build.0 = Release|Any CPU
		{7599E243-1F7D-4E2F-910E-20BC4A4AD33C}.Debug|Any CPU.ActiveCfg = Debug|Any CPU
		{7599E243-1F7D-4E2F-910E-20BC4A4AD33C}.Debug|Any CPU.Build.0 = Debug|Any CPU
		{7599E243-1F7D-4E2F-910E-20BC4A4AD33C}.Debug|x64.ActiveCfg = Debug|Any CPU
		{7599E243-1F7D-4E2F-910E-20BC4A4AD33C}.Debug|x64.Build.0 = Debug|Any CPU
		{7599E243-1F7D-4E2F-910E-20BC4A4AD33C}.Debug|x86.ActiveCfg = Debug|Any CPU
		{7599E243-1F7D-4E2F-910E-20BC4A4AD33C}.Debug|x86.Build.0 = Debug|Any CPU
		{7599E243-1F7D-4E2F-910E-20BC4A4AD33C}.Release|Any CPU.ActiveCfg = Release|Any CPU
		{7599E243-1F7D-4E2F-910E-20BC4A4AD33C}.Release|Any CPU.Build.0 = Release|Any CPU
		{7599E243-1F7D-4E2F-910E-20BC4A4AD33C}.Release|x64.ActiveCfg = Release|Any CPU
		{7599E243-1F7D-4E2F-910E-20BC4A4AD33C}.Release|x64.Build.0 = Release|Any CPU
		{7599E243-1F7D-4E2F-910E-20BC4A4AD33C}.Release|x86.ActiveCfg = Release|Any CPU
		{7599E243-1F7D-4E2F-910E-20BC4A4AD33C}.Release|x86.Build.0 = Release|Any CPU
	EndGlobalSection
	GlobalSection(SolutionProperties) = preSolution
		HideSolutionNode = FALSE
	EndGlobalSection
	GlobalSection(NestedProjects) = preSolution
		{F7E1E1B0-EF54-4C54-BDAB-3430A7E074DD} = {02EA681E-C7D8-13C7-8484-4AC65E1B71E8}
		{7599E243-1F7D-4E2F-910E-20BC4A4AD33C} = {0AB3BF05-4346-4AA6-1389-037BE0695223}
	EndGlobalSection
	GlobalSection(ExtensibilityGlobals) = postSolution
		SolutionGuid = {157AE5F8-61BB-4BF4-9E75-767106FA82B9}
	EndGlobalSection
EndGlobal
